
Microsoft Visual Studio Solution File, Format Version 12.00
# Visual Studio 15
VisualStudioVersion = 15.0.27428.2015
MinimumVisualStudioVersion = 10.0.40219.1
Project("{8BC9CEB8-8B4A-11D0-8D11-00A0C91BC942}") = "OpenGL_Base", "OpenGL_Base\OpenGL_Base.vcxproj", "{AE3629C3-943B-4DB0-9144-F75E7B579384}"
EndProject
Global
	GlobalSection(SolutionConfigurationPlatforms) = preSolution
		Debug|x64 = Debug|x64
		Debug|x86 = Debug|x86
		Release|x64 = Release|x64
		Release|x86 = Release|x86
	EndGlobalSection
	GlobalSection(ProjectConfigurationPlatforms) = postSolution
		{AE3629C3-943B-4DB0-9144-F75E7B579384}.Debug|x64.ActiveCfg = Debug|x64
		{AE3629C3-943B-4DB0-9144-F75E7B579384}.Debug|x64.Build.0 = Debug|x64
		{AE3629C3-943B-4DB0-9144-F75E7B579384}.Debug|x86.ActiveCfg = Debug|Win32
		{AE3629C3-943B-4DB0-9144-F75E7B579384}.Debug|x86.Build.0 = Debug|Win32
		{AE3629C3-943B-4DB0-9144-F75E7B579384}.Release|x64.ActiveCfg = Release|x64
		{AE3629C3-943B-4DB0-9144-F75E7B579384}.Release|x64.Build.0 = Release|x64
		{AE3629C3-943B-4DB0-9144-F75E7B579384}.Release|x86.ActiveCfg = Release|Win32
		{AE3629C3-943B-4DB0-9144-F75E7B579384}.Release|x86.Build.0 = Release|Win32
	EndGlobalSection
	GlobalSection(SolutionProperties) = preSolution
		HideSolutionNode = FALSE
	EndGlobalSection
	GlobalSection(ExtensibilityGlobals) = postSolution
		SolutionGuid = {43CF05A0-3A7B-42E9-A83E-4E838FC1B741}
	EndGlobalSection
EndGlobal
